// !$*UTF8*$!
{
	archiveVersion = 1;
	classes = {
	};
	objectVersion = 55;
	objects = {

/* Begin PBXBuildFile section */
		758804F828B20C710037FF18 /* main.cpp in Sources */ = {isa = PBXBuildFile; fileRef = 758804F728B20C710037FF18 /* main.cpp */; };
/* End PBXBuildFile section */

/* Begin PBXFileReference section */
		758804F428B20C710037FF18 /* PetProject */ = {isa = PBXFileReference; explicitFileType = "compiled.mach-o.executable"; includeInIndex = 0; path = PetProject; sourceTree = BUILT_PRODUCTS_DIR; };
		758804F728B20C710037FF18 /* main.cpp */ = {isa = PBXFileReference; lastKnownFileType = sourcecode.cpp.cpp; path = main.cpp; sourceTree = "<group>"; };
		758804FA28B20C710037FF18 /* cute_image.jpg */ = {isa = PBXFileReference; lastKnownFileType = image.jpeg; name = cute_image.jpg; path = ../cute_image.jpg; sourceTree = "<group>"; };
		758804FB28B20C710037FF18 /* nice_music.ogg */ = {isa = PBXFileReference; lastKnownFileType = file; name = nice_music.ogg; path = ../nice_music.ogg; sourceTree = "<group>"; };
		758804FC28B20C710037FF18 /* sansation.ttf */ = {isa = PBXFileReference; lastKnownFileType = file; name = sansation.ttf; path = ../sansation.ttf; sourceTree = "<group>"; };
		758804FD28B20C710037FF18 /* icon.png */ = {isa = PBXFileReference; lastKnownFileType = image.png; name = icon.png; path = ../icon.png; sourceTree = "<group>"; };
		7588050328B20CDF0037FF18 /* PetProject.entitlements */ = {isa = PBXFileReference; lastKnownFileType = text.plist.entitlements; path = PetProject.entitlements; sourceTree = "<group>"; };
		7588050428B211780037FF18 /* Companions */ = {isa = PBXFileReference; lastKnownFileType = folder; path = Companions; sourceTree = "<group>"; };
		7588050528B211780037FF18 /* Assets */ = {isa = PBXFileReference; lastKnownFileType = folder; path = Assets; sourceTree = "<group>"; };
/* End PBXFileReference section */

/* Begin PBXFrameworksBuildPhase section */
		758804F228B20C710037FF18 /* Frameworks */ = {
			isa = PBXFrameworksBuildPhase;
			buildActionMask = 2147483647;
			files = (
			);
			runOnlyForDeploymentPostprocessing = 0;
		};
/* End PBXFrameworksBuildPhase section */

/* Begin PBXGroup section */
		758804EC28B20C710037FF18 = {
			isa = PBXGroup;
			children = (
				758804F628B20C710037FF18 /* PetProject */,
				758804F528B20C710037FF18 /* Products */,
			);
			sourceTree = "<group>";
		};
		758804F528B20C710037FF18 /* Products */ = {
			isa = PBXGroup;
			children = (
				758804F428B20C710037FF18 /* PetProject */,
			);
			name = Products;
			sourceTree = "<group>";
		};
		758804F628B20C710037FF18 /* PetProject */ = {
			isa = PBXGroup;
			children = (
				7588050528B211780037FF18 /* Assets */,
				7588050428B211780037FF18 /* Companions */,
				7588050328B20CDF0037FF18 /* PetProject.entitlements */,
				758804F728B20C710037FF18 /* main.cpp */,
				758804F928B20C710037FF18 /* Resources */,
			);
			path = PetProject;
			sourceTree = "<group>";
		};
		758804F928B20C710037FF18 /* Resources */ = {
			isa = PBXGroup;
			children = (
				758804FA28B20C710037FF18 /* cute_image.jpg */,
				758804FB28B20C710037FF18 /* nice_music.ogg */,
				758804FC28B20C710037FF18 /* sansation.ttf */,
				758804FD28B20C710037FF18 /* icon.png */,
			);
			path = Resources;
			sourceTree = "<group>";
		};
/* End PBXGroup section */

/* Begin PBXNativeTarget section */
		758804F328B20C710037FF18 /* PetProject */ = {
			isa = PBXNativeTarget;
			buildConfigurationList = 7588050028B20C710037FF18 /* Build configuration list for PBXNativeTarget "PetProject" */;
			buildPhases = (
				758804F128B20C710037FF18 /* Sources */,
				758804F228B20C710037FF18 /* Frameworks */,
			);
			buildRules = (
			);
			dependencies = (
			);
			name = PetProject;
			productName = PetProject;
			productReference = 758804F428B20C710037FF18 /* PetProject */;
			productType = "com.apple.product-type.tool";
		};
/* End PBXNativeTarget section */

/* Begin PBXProject section */
		758804ED28B20C710037FF18 /* Project object */ = {
			isa = PBXProject;
			attributes = {
				BuildIndependentTargetsInParallel = 1;
				LastUpgradeCheck = 1340;
				ORGANIZATIONNAME = "Chase Hap";
				TargetAttributes = {
					758804F328B20C710037FF18 = {
						CreatedOnToolsVersion = 13.4.1;
					};
				};
			};
			buildConfigurationList = 758804F028B20C710037FF18 /* Build configuration list for PBXProject "PetProject" */;
			compatibilityVersion = "Xcode 13.0";
			developmentRegion = en;
			hasScannedForEncodings = 0;
			knownRegions = (
				en,
				Base,
			);
			mainGroup = 758804EC28B20C710037FF18;
			productRefGroup = 758804F528B20C710037FF18 /* Products */;
			projectDirPath = "";
			projectRoot = "";
			targets = (
				758804F328B20C710037FF18 /* PetProject */,
			);
		};
/* End PBXProject section */

/* Begin PBXSourcesBuildPhase section */
		758804F128B20C710037FF18 /* Sources */ = {
			isa = PBXSourcesBuildPhase;
			buildActionMask = 2147483647;
			files = (
				758804F828B20C710037FF18 /* main.cpp in Sources */,
			);
			runOnlyForDeploymentPostprocessing = 0;
		};
/* End PBXSourcesBuildPhase section */

/* Begin XCBuildConfiguration section */
		758804FE28B20C710037FF18 /* Debug */ = {
			isa = XCBuildConfiguration;
			buildSettings = {
				ARCHS = "$(NATIVE_ARCH_ACTUAL)";
				CLANG_CXX_LANGUAGE_STANDARD = "c++17";
				CLANG_CXX_LIBRARY = "libc++";
				FRAMEWORK_SEARCH_PATHS = (
					/Library/Frameworks/,
					"$(inherited)",
				);
				GCC_VERSION = com.apple.compilers.llvm.clang.1_0;
				HEADER_SEARCH_PATHS = (
					/usr/local/include/,
					"$(inherited)",
				);
				LIBRARY_SEARCH_PATHS = (
					/usr/local/lib/,
					"$(inherited)",
				);
				MACOSX_DEPLOYMENT_TARGET = 10.7;
				OTHER_LDFLAGS = (
					"$(inherited)",
					"$(SFML_SYSTEM)",
					"$(SFML_WINDOW)",
					"$(SFML_GRAPHICS)",
					"$(SFML_AUDIO)",
					"$(SFML_NETWORK)",
				);
				SFML_AUDIO = "$(SFML_LINK_PREFIX) sfml-audio$(SFML_LINK_SUFFIX)";
				SFML_BINARY_TYPE = FRAMEWORKS;
				SFML_GRAPHICS = "$(SFML_LINK_PREFIX) sfml-graphics$(SFML_LINK_SUFFIX)";
				SFML_LINK_DYLIBS_PREFIX = "-l";
				SFML_LINK_DYLIBS_SUFFIX = "";
				SFML_LINK_FRAMEWORKS_PREFIX = "-framework";
				SFML_LINK_FRAMEWORKS_SUFFIX = "";
				SFML_LINK_PREFIX = "$(SFML_LINK_$(SFML_BINARY_TYPE)_PREFIX)";
				SFML_LINK_SUFFIX = "$(SFML_LINK_$(SFML_BINARY_TYPE)_SUFFIX)";
				SFML_NETWORK = "$(SFML_LINK_PREFIX) sfml-network$(SFML_LINK_SUFFIX)";
				SFML_SYSTEM = "$(SFML_LINK_PREFIX) sfml-system$(SFML_LINK_SUFFIX)";
				SFML_WINDOW = "$(SFML_LINK_PREFIX) sfml-window$(SFML_LINK_SUFFIX)";
				SUPPORTED_PLATFORMS = macosx;
			};
			name = Debug;
		};
		758804FF28B20C710037FF18 /* Release */ = {
			isa = XCBuildConfiguration;
			buildSettings = {
				ARCHS = "$(NATIVE_ARCH_ACTUAL)";
				CLANG_CXX_LANGUAGE_STANDARD = "c++17";
				CLANG_CXX_LIBRARY = "libc++";
				FRAMEWORK_SEARCH_PATHS = (
					/Library/Frameworks/,
					"$(inherited)",
				);
				GCC_VERSION = com.apple.compilers.llvm.clang.1_0;
				HEADER_SEARCH_PATHS = (
					/usr/local/include/,
					"$(inherited)",
				);
				LIBRARY_SEARCH_PATHS = (
					/usr/local/lib/,
					"$(inherited)",
				);
				MACOSX_DEPLOYMENT_TARGET = 10.7;
				OTHER_LDFLAGS = (
					"$(inherited)",
					"$(SFML_SYSTEM)",
					"$(SFML_WINDOW)",
					"$(SFML_GRAPHICS)",
					"$(SFML_AUDIO)",
					"$(SFML_NETWORK)",
				);
				SFML_AUDIO = "$(SFML_LINK_PREFIX) sfml-audio$(SFML_LINK_SUFFIX)";
				SFML_BINARY_TYPE = FRAMEWORKS;
				SFML_GRAPHICS = "$(SFML_LINK_PREFIX) sfml-graphics$(SFML_LINK_SUFFIX)";
				SFML_LINK_DYLIBS_PREFIX = "-l";
				SFML_LINK_DYLIBS_SUFFIX = "";
				SFML_LINK_FRAMEWORKS_PREFIX = "-framework";
				SFML_LINK_FRAMEWORKS_SUFFIX = "";
				SFML_LINK_PREFIX = "$(SFML_LINK_$(SFML_BINARY_TYPE)_PREFIX)";
				SFML_LINK_SUFFIX = "$(SFML_LINK_$(SFML_BINARY_TYPE)_SUFFIX)";
				SFML_NETWORK = "$(SFML_LINK_PREFIX) sfml-network$(SFML_LINK_SUFFIX)";
				SFML_SYSTEM = "$(SFML_LINK_PREFIX) sfml-system$(SFML_LINK_SUFFIX)";
				SFML_WINDOW = "$(SFML_LINK_PREFIX) sfml-window$(SFML_LINK_SUFFIX)";
				SUPPORTED_PLATFORMS = macosx;
			};
			name = Release;
		};
		7588050128B20C710037FF18 /* Debug */ = {
			isa = XCBuildConfiguration;
			buildSettings = {
				ARCHS = x86_64;
				CODE_SIGN_ENTITLEMENTS = PetProject/PetProject.entitlements;
				CODE_SIGN_STYLE = Automatic;
				DEVELOPMENT_TEAM = 6J4W5DWVDW;
				ENABLE_HARDENED_RUNTIME = YES;
				MACOSX_DEPLOYMENT_TARGET = 10.15;
				ONLY_ACTIVE_ARCH = YES;
				PRODUCT_NAME = "$(TARGET_NAME)";
			};
			name = Debug;
		};
		7588050228B20C710037FF18 /* Release */ = {
			isa = XCBuildConfiguration;
			buildSettings = {
				ARCHS = x86_64;
				CODE_SIGN_ENTITLEMENTS = PetProject/PetProject.entitlements;
				CODE_SIGN_STYLE = Automatic;
				DEVELOPMENT_TEAM = 6J4W5DWVDW;
				ENABLE_HARDENED_RUNTIME = YES;
				MACOSX_DEPLOYMENT_TARGET = 10.15;
				ONLY_ACTIVE_ARCH = YES;
				PRODUCT_NAME = "$(TARGET_NAME)";
			};
			name = Release;
		};
/* End XCBuildConfiguration section */

/* Begin XCConfigurationList section */
		758804F028B20C710037FF18 /* Build configuration list for PBXProject "PetProject" */ = {
			isa = XCConfigurationList;
			buildConfigurations = (
				758804FE28B20C710037FF18 /* Debug */,
				758804FF28B20C710037FF18 /* Release */,
			);
			defaultConfigurationIsVisible = 0;
			defaultConfigurationName = Release;
		};
		7588050028B20C710037FF18 /* Build configuration list for PBXNativeTarget "PetProject" */ = {
			isa = XCConfigurationList;
			buildConfigurations = (
				7588050128B20C710037FF18 /* Debug */,
				7588050228B20C710037FF18 /* Release */,
			);
			defaultConfigurationIsVisible = 0;
			defaultConfigurationName = Release;
		};
/* End XCConfigurationList section */
	};
	rootObject = 758804ED28B20C710037FF18 /* Project object */;
}
